
Microsoft Visual Studio Solution File, Format Version 12.00
# Visual Studio 14
VisualStudioVersion = 14.0.25420.1
MinimumVisualStudioVersion = 10.0.40219.1
Project("{FAE04EC0-301F-11D3-BF4B-00C04F79EFBC}") = "SandwichOrderSystem", "SandwichOrderSystem\SandwichOrderSystem.csproj", "{1AAE8D3D-5297-4E13-8954-05F2CFAC9AC4}"
EndProject
Project("{FAE04EC0-301F-11D3-BF4B-00C04F79EFBC}") = "SandwichOrderSystemShared", "SandwichOrderSystemShared\SandwichOrderSystemShared.csproj", "{89FFDADB-67D7-4E11-86CF-21B76EAACCA6}"
EndProject
Project("{FAE04EC0-301F-11D3-BF4B-00C04F79EFBC}") = "SandwichOrderSystemSharedTests", "SandwichOrderSystemSharedTests\SandwichOrderSystemSharedTests.csproj", "{EA9E90DB-136D-4DB5-AD32-9FA27512F034}"
EndProject
Global
	GlobalSection(SolutionConfigurationPlatforms) = preSolution
		Debug|Any CPU = Debug|Any CPU
		Release|Any CPU = Release|Any CPU
	EndGlobalSection
	GlobalSection(ProjectConfigurationPlatforms) = postSolution
		{1AAE8D3D-5297-4E13-8954-05F2CFAC9AC4}.Debug|Any CPU.ActiveCfg = Debug|Any CPU
		{1AAE8D3D-5297-4E13-8954-05F2CFAC9AC4}.Debug|Any CPU.Build.0 = Debug|Any CPU
		{1AAE8D3D-5297-4E13-8954-05F2CFAC9AC4}.Release|Any CPU.ActiveCfg = Release|Any CPU
		{1AAE8D3D-5297-4E13-8954-05F2CFAC9AC4}.Release|Any CPU.Build.0 = Release|Any CPU
		{89FFDADB-67D7-4E11-86CF-21B76EAACCA6}.Debug|Any CPU.ActiveCfg = Debug|Any CPU
		{89FFDADB-67D7-4E11-86CF-21B76EAACCA6}.Debug|Any CPU.Build.0 = Debug|Any CPU
		{89FFDADB-67D7-4E11-86CF-21B76EAACCA6}.Release|Any CPU.ActiveCfg = Release|Any CPU
		{89FFDADB-67D7-4E11-86CF-21B76EAACCA6}.Release|Any CPU.Build.0 = Release|Any CPU
		{EA9E90DB-136D-4DB5-AD32-9FA27512F034}.Debug|Any CPU.ActiveCfg = Debug|Any CPU
		{EA9E90DB-136D-4DB5-AD32-9FA27512F034}.Debug|Any CPU.Build.0 = Debug|Any CPU
		{EA9E90DB-136D-4DB5-AD32-9FA27512F034}.Release|Any CPU.ActiveCfg = Release|Any CPU
		{EA9E90DB-136D-4DB5-AD32-9FA27512F034}.Release|Any CPU.Build.0 = Release|Any CPU
	EndGlobalSection
	GlobalSection(SolutionProperties) = preSolution
		HideSolutionNode = FALSE
	EndGlobalSection
EndGlobal
